# This file is automatically @generated by Poetry 2.1.3 and should not be changed by hand.

[[package]]
name = "cbor2"
version = "5.7.0"
description = "CBOR (de)serializer with extensive tag support"
optional = false
python-versions = ">=3.9"
groups = ["main"]
files = [
    {file = "cbor2-5.7.0-cp310-cp310-macosx_10_9_x86_64.whl", hash = "sha256:305edac16524df843d53ba086bc194c0975388e755ed177eb84e0324e3d705ec"},
    {file = "cbor2-5.7.0-cp310-cp310-macosx_11_0_arm64.whl", hash = "sha256:e00d7250e528a9a1bfd3b294799bdae96c158f72d95be58a3fbf97dab2467bbe"},
    {file = "cbor2-5.7.0-cp310-cp310-manylinux2014_aarch64.manylinux_2_17_aarch64.manylinux_2_28_aarch64.whl", hash = "sha256:36b6e229b36147051ea1063ba0cd6225bfe6b5398ca0ac7b33fa91407ca75081"},
    {file = "cbor2-5.7.0-cp310-cp310-manylinux2014_x86_64.manylinux_2_17_x86_64.manylinux_2_28_x86_64.whl", hash = "sha256:06f8e9d8fa6d0ed7b8a81f4613a60e740be9bd5087de620e3b64007832dfd815"},
    {file = "cbor2-5.7.0-cp310-cp310-musllinux_1_2_aarch64.whl", hash = "sha256:90c1236e5bfad19493183f9a9ecd3705e3ad3eb02fce6d6381c12ece86147b15"},
    {file = "cbor2-5.7.0-cp310-cp310-musllinux_1_2_x86_64.whl", hash = "sha256:afc6c6611b7529136ea4a04cf8711786640b687859c9688ae172726c305a83a1"},
    {file = "cbor2-5.7.0-cp310-cp310-win_amd64.whl", hash = "sha256:be635795908d59f46303ab266fc6f3aa6543c742fa112fd1cd2e5307b91c6de4"},
    {file = "cbor2-5.7.0-cp310-cp310-win_arm64.whl", hash = "sha256:16a21233f11874b7067b136cb2910333b36c1dee455a42a7c8473a104753cf4a"},
    {file = "cbor2-5.7.0-cp311-cp311-macosx_10_9_x86_64.whl", hash = "sha256:73532e725501915f95d589500e0a11813c9a3fd735d3cdb6c4dd320e6a2f12e1"},
    {file = "cbor2-5.7.0-cp311-cp311-macosx_11_0_arm64.whl", hash = "sha256:b785d954879e3800a074efa45c882a1cc6459476ab0d354c74e1dca92b17ede3"},
    {file = "cbor2-5.7.0-cp311-cp311-manylinux2014_aarch64.manylinux_2_17_aarch64.manylinux_2_28_aarch64.whl", hash = "sha256:5fc1005b412ace94bbf905a8c4214e639557568551d9b5474645789e976e91e4"},
    {file = "cbor2-5.7.0-cp311-cp311-manylinux2014_x86_64.manylinux_2_17_x86_64.manylinux_2_28_x86_64.whl", hash = "sha256:d981d691dd721dd712fc824d04a01347955a206107fbee1d75803fa58de172c7"},
    {file = "cbor2-5.7.0-cp311-cp311-musllinux_1_2_aarch64.whl", hash = "sha256:b3b9730928163d02e7f1267e48a39ed75560ff3e56cdc6768d670d3e96028623"},
    {file = "cbor2-5.7.0-cp311-cp311-musllinux_1_2_x86_64.whl", hash = "sha256:01cc4d840943b4c2e468b8560830235d044a8cb45e5d66ba3ae933c3e21b8d49"},
    {file = "cbor2-5.7.0-cp311-cp311-win_amd64.whl", hash = "sha256:6abe31e742ccf966778d77ce99d7c6136ca0f8424446dfdabcc3491f015e84d4"},
    {file = "cbor2-5.7.0-cp311-cp311-win_arm64.whl", hash = "sha256:c48dff8f6aacd76fc0680c48ef35e5912e3d758a9f41305a35e847f382b60eea"},
    {file = "cbor2-5.7.0-cp312-cp312-macosx_10_13_x86_64.whl", hash = "sha256:7ad36f0537b75c1aa2c7a462cbdbeec5e8ba02802ea985e0b9fe5deee3b946f4"},
    {file = "cbor2-5.7.0-cp312-cp312-macosx_11_0_arm64.whl", hash = "sha256:5fc9b335cf28e63d9eed4ae03d1e8f90f1a6b287cabc8d29bfddf73fa70643e9"},
    {file = "cbor2-5.7.0-cp312-cp312-manylinux2014_aarch64.manylinux_2_17_aarch64.manylinux_2_28_aarch64.whl", hash = "sha256:16bea83598a1eeedbd50c2e9fdf3685bae78ca9d9ec8cd8010777db14a315578"},
    {file = "cbor2-5.7.0-cp312-cp312-manylinux2014_x86_64.manylinux_2_17_x86_64.manylinux_2_28_x86_64.whl", hash = "sha256:8e837825a16e60ace6e284095aa9fbe504bf87a8f4494bf7d95931e37fb01a70"},
    {file = "cbor2-5.7.0-cp312-cp312-musllinux_1_2_aarch64.whl", hash = "sha256:27396c5e275ff7c7cd87fe8aaadf781e6194903921f250934af7c86d5efec82e"},
    {file = "cbor2-5.7.0-cp312-cp312-musllinux_1_2_x86_64.whl", hash = "sha256:c84bfef78c4e9c81eb0a10cec340222ba4e39498a63fc2e3d5f982a3f4efa4a7"},
    {file = "cbor2-5.7.0-cp312-cp312-win_amd64.whl", hash = "sha256:f64270a24aaadb15dd31cbd64a98d99fca8e0398a65b1570ba07f3c259eb5516"},
    {file = "cbor2-5.7.0-cp312-cp312-win_arm64.whl", hash = "sha256:73ef321d7b580f08c9fadc41c3d2a218aa3f01e163be9793c6969aadee07f57a"},
    {file = "cbor2-5.7.0-cp313-cp313-macosx_10_13_x86_64.whl", hash = "sha256:7654e77b7f6be029fb37a074b175483a4a8ae3fe5e2a91008926625aa91aef2c"},
    {file = "cbor2-5.7.0-cp313-cp313-macosx_11_0_arm64.whl", hash = "sha256:9bd76624b090faa6900739025d798a4e3130da80dbae15391b42b3d4672a4022"},
    {file = "cbor2-5.7.0-cp313-cp313-manylinux2014_aarch64.manylinux_2_17_aarch64.manylinux_2_28_aarch64.whl", hash = "sha256:428d58b54a7b32ede869e79c294d686f826dcfdab9de7f92135dd3ce12e313b8"},
    {file = "cbor2-5.7.0-cp313-cp313-manylinux2014_x86_64.manylinux_2_17_x86_64.manylinux_2_28_x86_64.whl", hash = "sha256:a91b6912e2ff64f33464f67ec6528cf2e26c06a5f3cc3fb1954f94aa58d68670"},
    {file = "cbor2-5.7.0-cp313-cp313-musllinux_1_2_aarch64.whl", hash = "sha256:9faeec4525fe3103a71f0fd3d6fe9a49ea6ff4ade8cb7cf1c395001b906a01e5"},
    {file = "cbor2-5.7.0-cp313-cp313-musllinux_1_2_x86_64.whl", hash = "sha256:361315ccd8022c44bb501877fd9b236479c975f1a7aed69c8541bd609c0a8908"},
    {file = "cbor2-5.7.0-cp313-cp313-win_amd64.whl", hash = "sha256:293c4a5d6a9a69fcecf595a47430dc3b11f4a3355089b1fe300d0ac48c5776c5"},
    {file = "cbor2-5.7.0-cp313-cp313-win_arm64.whl", hash = "sha256:52d6e1a9b2f4475540063d7b966b1b2e93ac497e08ab9a1514fd6330f8db5b4c"},
    {file = "cbor2-5.7.0-cp314-cp314-macosx_10_13_x86_64.whl", hash = "sha256:f4f0464425ff809b1dd737db8c65a937516aba5eb3794cb1433f7eb8eb7a6535"},
    {file = "cbor2-5.7.0-cp314-cp314-macosx_11_0_arm64.whl", hash = "sha256:866d993ebc9c4e4018ab001503dafc4145bb6ec91e1eddf12b8d7b6898021201"},
    {file = "cbor2-5.7.0-cp314-cp314-manylinux2014_aarch64.manylinux_2_17_aarch64.manylinux_2_28_aarch64.whl", hash = "sha256:bc7a11433ea1c45b6d47484bef99e822fd8a40b4cfbcdc1e00378a7e8704e317"},
    {file = "cbor2-5.7.0-cp314-cp314-manylinux2014_x86_64.manylinux_2_17_x86_64.manylinux_2_28_x86_64.whl", hash = "sha256:e33242570cb4542302dcb6cf429cc9abe315ff7ebb370de2828eed22a8b00fe8"},
    {file = "cbor2-5.7.0-cp314-cp314-musllinux_1_2_aarch64.whl", hash = "sha256:855fe80517071028a5804a29b607864b8d90bbb2223331ab2d8cae94b979d61f"},
    {file = "cbor2-5.7.0-cp314-cp314-musllinux_1_2_x86_64.whl", hash = "sha256:87170260845c2ea3d74288f667e0bc81c8a6bbc72ff60265d19c59b3e76be266"},
    {file = "cbor2-5.7.0-cp314-cp314-win_amd64.whl", hash = "sha256:a2b591904555e51843c95776df2d6b161226af045e655f464c101d8ad8708e99"},
    {file = "cbor2-5.7.0-cp314-cp314-win_arm64.whl", hash = "sha256:4460164ffd0ceaf8cc3f5597e73dd99fd781541c7bba0ea64ac93043bf08bb6a"},
    {file = "cbor2-5.7.0-cp39-cp39-macosx_10_9_x86_64.whl", hash = "sha256:b20eb9b3b4c593cf8135e5c98b49d085e2d052ba714448583359c4b1f5cd0cd4"},
    {file = "cbor2-5.7.0-cp39-cp39-macosx_11_0_arm64.whl", hash = "sha256:69503de8d937d7764cac127f32d94474b07c593ce0c4323f4ad7ff78adbfb776"},
    {file = "cbor2-5.7.0-cp39-cp39-manylinux2014_aarch64.manylinux_2_17_aarch64.manylinux_2_28_aarch64.whl", hash = "sha256:f94dbfd77ae591010429d645e4e7fd4f387183193f14c4f645dd7ba03668f9a9"},
    {file = "cbor2-5.7.0-cp39-cp39-manylinux2014_x86_64.manylinux_2_17_x86_64.manylinux_2_28_x86_64.whl", hash = "sha256:cd36c935adf56ccf83c6b85949cb2ac8b991672d241ec1f645b557ae4730221b"},
    {file = "cbor2-5.7.0-cp39-cp39-musllinux_1_2_aarch64.whl", hash = "sha256:1198cbfa5194410b35b7fb5c0e58a0ee22c20b44197605e26f14e320e1750c5e"},
    {file = "cbor2-5.7.0-cp39-cp39-musllinux_1_2_x86_64.whl", hash = "sha256:78dca93abdbea701caa068e412e54923f3b4d117f5b46b39f44456e01b047534"},
    {file = "cbor2-5.7.0-cp39-cp39-win_amd64.whl", hash = "sha256:f56d5af41da9b1ef13ceec297411bd472c30d70bca29a25cb3a27ad7309d9974"},
    {file = "cbor2-5.7.0-cp39-cp39-win_arm64.whl", hash = "sha256:b6e8f09664f799150ce6275c5487a35ca5773e5c6eb44209f187102b94ebd2d0"},
    {file = "cbor2-5.7.0-py3-none-any.whl", hash = "sha256:a871e7a6f7cba1ddb02503ea974f15f6524c95078fbfe0b860fd4193d7c8f27a"},
    {file = "cbor2-5.7.0.tar.gz", hash = "sha256:3f6d843f4db4d0ec501c46453c22a4fbebb1abfb5b740e1bcab34c615cd7406b"},
]

[[package]]
name = "crc32c"
version = "2.7.1"
description = "A python package implementing the crc32c algorithm in hardware and software"
optional = false
python-versions = ">=3.7"
groups = ["main"]
files = [
    {file = "crc32c-2.7.1-cp310-cp310-macosx_10_9_universal2.whl", hash = "sha256:1fd1f9c6b50d7357736676278a1b8c8986737b8a1c76d7eab4baa71d0b6af67f"},
    {file = "crc32c-2.7.1-cp310-cp310-macosx_10_9_x86_64.whl", hash = "sha256:805c2be1bc0e251c48439a62b0422385899c15289483692bc70e78473c1039f1"},
    {file = "crc32c-2.7.1-cp310-cp310-macosx_11_0_arm64.whl", hash = "sha256:f4333e62b7844dfde112dbb8489fd2970358eddc3310db21e943a9f6994df749"},
    {file = "crc32c-2.7.1-cp310-cp310-manylinux_2_17_aarch64.manylinux2014_aarch64.whl", hash = "sha256:6f0fadc741e79dc705e2d9ee967473e8a061d26b04310ed739f1ee292f33674f"},
    {file = "crc32c-2.7.1-cp310-cp310-manylinux_2_5_i686.manylinux1_i686.manylinux_2_17_i686.manylinux2014_i686.whl", hash = "sha256:91ced31055d26d59385d708bbd36689e1a1d604d4b0ceb26767eb5a83156f85d"},
    {file = "crc32c-2.7.1-cp310-cp310-manylinux_2_5_x86_64.manylinux1_x86_64.manylinux_2_17_x86_64.manylinux2014_x86_64.whl", hash = "sha256:36ffa999b72e3c17f6a066ae9e970b40f8c65f38716e436c39a33b809bc6ed9f"},
    {file = "crc32c-2.7.1-cp310-cp310-musllinux_1_2_aarch64.whl", hash = "sha256:e80114dd7f462297e54d5da1b9ff472e5249c5a2b406aa51c371bb0edcbf76bd"},
    {file = "crc32c-2.7.1-cp310-cp310-musllinux_1_2_i686.whl", hash = "sha256:676f5b46da268b5190f9fb91b3f037a00d114b411313664438525db876adc71f"},
    {file = "crc32c-2.7.1-cp310-cp310-musllinux_1_2_x86_64.whl", hash = "sha256:8d0e660c9ed269e90692993a4457a932fc22c9cc96caf79dd1f1a84da85bb312"},
    {file = "crc32c-2.7.1-cp310-cp310-win32.whl", hash = "sha256:17a2c3f8c6d85b04b5511af827b5dbbda4e672d188c0b9f20a8156e93a1aa7b6"},
    {file = "crc32c-2.7.1-cp310-cp310-win_amd64.whl", hash = "sha256:3208764c29688f91a35392073229975dd7687b6cb9f76b919dae442cabcd5126"},
    {file = "crc32c-2.7.1-cp311-cp311-macosx_10_9_universal2.whl", hash = "sha256:19e03a50545a3ef400bd41667d5525f71030488629c57d819e2dd45064f16192"},
    {file = "crc32c-2.7.1-cp311-cp311-macosx_10_9_x86_64.whl", hash = "sha256:8c03286b1e5ce9bed7090084f206aacd87c5146b4b10de56fe9e86cbbbf851cf"},
    {file = "crc32c-2.7.1-cp311-cp311-macosx_11_0_arm64.whl", hash = "sha256:80ebbf144a1a56a532b353e81fa0f3edca4f4baa1bf92b1dde2c663a32bb6a15"},
    {file = "crc32c-2.7.1-cp311-cp311-manylinux_2_17_aarch64.manylinux2014_aarch64.whl", hash = "sha256:96b794fd11945298fdd5eb1290a812efb497c14bc42592c5c992ca077458eeba"},
    {file = "crc32c-2.7.1-cp311-cp311-manylinux_2_5_i686.manylinux1_i686.manylinux_2_17_i686.manylinux2014_i686.whl", hash = "sha256:9df7194dd3c0efb5a21f5d70595b7a8b4fd9921fbbd597d6d8e7a11eca3e2d27"},
    {file = "crc32c-2.7.1-cp311-cp311-manylinux_2_5_x86_64.manylinux1_x86_64.manylinux_2_17_x86_64.manylinux2014_x86_64.whl", hash = "sha256:d698eec444b18e296a104d0b9bb6c596c38bdcb79d24eba49604636e9d747305"},
    {file = "crc32c-2.7.1-cp311-cp311-musllinux_1_2_aarch64.whl", hash = "sha256:e07cf10ef852d219d179333fd706d1c415626f1f05e60bd75acf0143a4d8b225"},
    {file = "crc32c-2.7.1-cp311-cp311-musllinux_1_2_i686.whl", hash = "sha256:d2a051f296e6e92e13efee3b41db388931cdb4a2800656cd1ed1d9fe4f13a086"},
    {file = "crc32c-2.7.1-cp311-cp311-musllinux_1_2_x86_64.whl", hash = "sha256:a1738259802978cdf428f74156175da6a5fdfb7256f647fdc0c9de1bc6cd7173"},
    {file = "crc32c-2.7.1-cp311-cp311-win32.whl", hash = "sha256:f7786d219a1a1bf27d0aa1869821d11a6f8e90415cfffc1e37791690d4a848a1"},
    {file = "crc32c-2.7.1-cp311-cp311-win_amd64.whl", hash = "sha256:887f6844bb3ad35f0778cd10793ad217f7123a5422e40041231b8c4c7329649d"},
    {file = "crc32c-2.7.1-cp312-cp312-macosx_10_13_universal2.whl", hash = "sha256:f7d1c4e761fe42bf856130daf8b2658df33fe0ced3c43dadafdfeaa42b57b950"},
    {file = "crc32c-2.7.1-cp312-cp312-macosx_10_13_x86_64.whl", hash = "sha256:73361c79a6e4605204457f19fda18b042a94508a52e53d10a4239da5fb0f6a34"},
    {file = "crc32c-2.7.1-cp312-cp312-macosx_11_0_arm64.whl", hash = "sha256:afd778fc8ac0ed2ffbfb122a9aa6a0e409a8019b894a1799cda12c01534493e0"},
    {file = "crc32c-2.7.1-cp312-cp312-manylinux_2_17_aarch64.manylinux2014_aarch64.whl", hash = "sha256:56ef661b34e9f25991fface7f9ad85e81bbc1b3fe3b916fd58c893eabe2fa0b8"},
    {file = "crc32c-2.7.1-cp312-cp312-manylinux_2_5_i686.manylinux1_i686.manylinux_2_17_i686.manylinux2014_i686.whl", hash = "sha256:571aa4429444b5d7f588e4377663592145d2d25eb1635abb530f1281794fc7c9"},
    {file = "crc32c-2.7.1-cp312-cp312-manylinux_2_5_x86_64.manylinux1_x86_64.manylinux_2_17_x86_64.manylinux2014_x86_64.whl", hash = "sha256:c02a3bd67dea95cdb25844aaf44ca2e1b0c1fd70b287ad08c874a95ef4bb38db"},
    {file = "crc32c-2.7.1-cp312-cp312-musllinux_1_2_aarch64.whl", hash = "sha256:99d17637c4867672cb8adeea007294e3c3df9d43964369516cfe2c1f47ce500a"},
    {file = "crc32c-2.7.1-cp312-cp312-musllinux_1_2_i686.whl", hash = "sha256:f4a400ac3c69a32e180d8753fd7ec7bccb80ade7ab0812855dce8a208e72495f"},
    {file = "crc32c-2.7.1-cp312-cp312-musllinux_1_2_x86_64.whl", hash = "sha256:588587772e55624dd9c7a906ec9e8773ae0b6ac5e270fc0bc84ee2758eba90d5"},
    {file = "crc32c-2.7.1-cp312-cp312-win32.whl", hash = "sha256:9f14b60e5a14206e8173dd617fa0c4df35e098a305594082f930dae5488da428"},
    {file = "crc32c-2.7.1-cp312-cp312-win_amd64.whl", hash = "sha256:7c810a246660a24dc818047dc5f89c7ce7b2814e1e08a8e99993f4103f7219e8"},
    {file = "crc32c-2.7.1-cp313-cp313-macosx_10_13_universal2.whl", hash = "sha256:24949bffb06fc411cc18188d33357923cb935273642164d0bb37a5f375654169"},
    {file = "crc32c-2.7.1-cp313-cp313-macosx_10_13_x86_64.whl", hash = "sha256:2d5d326e7e118d4fa60187770d86b66af2fdfc63ce9eeb265f0d3e7d49bebe0b"},
    {file = "crc32c-2.7.1-cp313-cp313-macosx_11_0_arm64.whl", hash = "sha256:ba110df60c64c8e2d77a9425b982a520ccdb7abe42f06604f4d98a45bb1fff62"},
    {file = "crc32c-2.7.1-cp313-cp313-manylinux_2_17_aarch64.manylinux2014_aarch64.whl", hash = "sha256:c277f9d16a3283e064d54854af0976b72abaa89824955579b2b3f37444f89aae"},
    {file = "crc32c-2.7.1-cp313-cp313-manylinux_2_5_i686.manylinux1_i686.manylinux_2_17_i686.manylinux2014_i686.whl", hash = "sha256:881af0478a01331244e27197356929edbdeaef6a9f81b5c6bacfea18d2139289"},
    {file = "crc32c-2.7.1-cp313-cp313-manylinux_2_5_x86_64.manylinux1_x86_64.manylinux_2_17_x86_64.manylinux2014_x86_64.whl", hash = "sha256:724d5ff4d29ff093a983ae656be3307093706d850ea2a233bf29fcacc335d945"},
    {file = "crc32c-2.7.1-cp313-cp313-musllinux_1_2_aarch64.whl", hash = "sha256:b2416c4d88696ac322632555c0f81ab35e15f154bc96055da6cf110d642dbc10"},
    {file = "crc32c-2.7.1-cp313-cp313-musllinux_1_2_i686.whl", hash = "sha256:60254251b88ec9b9795215f0f9ec015a6b5eef8b2c5fba1267c672d83c78fc02"},
    {file = "crc32c-2.7.1-cp313-cp313-musllinux_1_2_x86_64.whl", hash = "sha256:edefc0e46f3c37372183f70338e5bdee42f6789b62fcd36ec53aa933e9dfbeaf"},
    {file = "crc32c-2.7.1-cp313-cp313-win32.whl", hash = "sha256:813af8111218970fe2adb833c5e5239f091b9c9e76f03b4dd91aaba86e99b499"},
    {file = "crc32c-2.7.1-cp313-cp313-win_amd64.whl", hash = "sha256:7d9ede7be8e4ec1c9e90aaf6884decbeef10e3473e6ddac032706d710cab5888"},
    {file = "crc32c-2.7.1-cp313-cp313t-macosx_10_13_universal2.whl", hash = "sha256:db9ac92294284b22521356715784b91cc9094eee42a5282ab281b872510d1831"},
    {file = "crc32c-2.7.1-cp313-cp313t-macosx_10_13_x86_64.whl", hash = "sha256:8fcd7f2f29a30dc92af64a9ee3d38bde0c82bd20ad939999427aac94bbd87373"},
    {file = "crc32c-2.7.1-cp313-cp313t-macosx_11_0_arm64.whl", hash = "sha256:5c056ef043393085523e149276a7ce0cb534b872e04f3e20d74d9a94a75c0ad7"},
    {file = "crc32c-2.7.1-cp313-cp313t-manylinux_2_17_aarch64.manylinux2014_aarch64.whl", hash = "sha256:03a92551a343702629af91f78d205801219692b6909f8fa126b830e332bfb0e0"},
    {file = "crc32c-2.7.1-cp313-cp313t-manylinux_2_5_i686.manylinux1_i686.manylinux_2_17_i686.manylinux2014_i686.whl", hash = "sha256:fb9424ec1a8ca54763155a703e763bcede82e6569fe94762614bb2de1412d4e1"},
    {file = "crc32c-2.7.1-cp313-cp313t-manylinux_2_5_x86_64.manylinux1_x86_64.manylinux_2_17_x86_64.manylinux2014_x86_64.whl", hash = "sha256:88732070f6175530db04e0bb36880ac45c33d49f8ac43fa0e50cfb1830049d23"},
    {file = "crc32c-2.7.1-cp313-cp313t-musllinux_1_2_aarch64.whl", hash = "sha256:57a20dfc27995f568f64775eea2bbb58ae269f1a1144561df5e4a4955f79db32"},
    {file = "crc32c-2.7.1-cp313-cp313t-musllinux_1_2_i686.whl", hash = "sha256:f7186d098bfd2cff25eac6880b7c7ad80431b90610036131c1c7dd0eab42a332"},
    {file = "crc32c-2.7.1-cp313-cp313t-musllinux_1_2_x86_64.whl", hash = "sha256:55a77e29a265418fa34bef15bd0f2c60afae5348988aaf35ed163b4bbf93cf37"},
    {file = "crc32c-2.7.1-cp313-cp313t-win32.whl", hash = "sha256:ae38a4b6aa361595d81cab441405fbee905c72273e80a1c010fb878ae77ac769"},
    {file = "crc32c-2.7.1-cp313-cp313t-win_amd64.whl", hash = "sha256:eee2a43b663feb6c79a6c1c6e5eae339c2b72cfac31ee54ec0209fa736cf7ee5"},
    {file = "crc32c-2.7.1-cp37-cp37m-macosx_10_9_x86_64.whl", hash = "sha256:04a56e9f4995559fa86bcf5d0ed5c48505a36e2be1c41d70cae5c080d9a00b74"},
    {file = "crc32c-2.7.1-cp37-cp37m-manylinux_2_17_aarch64.manylinux2014_aarch64.whl", hash = "sha256:88c5c9c21cd9fff593bb7dfe97d3287438c8aecbcc73d227f2366860a0663521"},
    {file = "crc32c-2.7.1-cp37-cp37m-manylinux_2_5_i686.manylinux1_i686.manylinux_2_17_i686.manylinux2014_i686.whl", hash = "sha256:595146cb94ba0055301d273113add2af5859b467db41b50367f47870c2d0a81c"},
    {file = "crc32c-2.7.1-cp37-cp37m-manylinux_2_5_x86_64.manylinux1_x86_64.manylinux_2_17_x86_64.manylinux2014_x86_64.whl", hash = "sha256:4b9f3792872f1320961f33aaf0198edea371aee393bcc221fab66d10ecffd77d"},
    {file = "crc32c-2.7.1-cp37-cp37m-musllinux_1_2_aarch64.whl", hash = "sha256:999a40d75cd1696e779f6f99c29fa52be777197d1d9e3ae69cb919a05a369c1e"},
    {file = "crc32c-2.7.1-cp37-cp37m-musllinux_1_2_i686.whl", hash = "sha256:eff485526172cee7e6d1fa9c23913f92c7d38ab05674b0b578767c7b693faf5d"},
    {file = "crc32c-2.7.1-cp37-cp37m-musllinux_1_2_x86_64.whl", hash = "sha256:541dac90c64ed9ce05f85a71066567e854c1b40743a01d83fa2c66419a2e97b6"},
    {file = "crc32c-2.7.1-cp37-cp37m-win32.whl", hash = "sha256:7138ec26e79100c4cf4294ef40027a1cff26a1e23b7e5eb70efe5d7ff37cbc66"},
    {file = "crc32c-2.7.1-cp37-cp37m-win_amd64.whl", hash = "sha256:35a3ed12ac2e2551a07d246b7e6512ac39db021e006205a40c1cfd32ea73fcc3"},
    {file = "crc32c-2.7.1-cp38-cp38-macosx_10_9_universal2.whl", hash = "sha256:af062f11aea283b7e9c95f3a97fb6bb96ac08a9063f71621c2140237df141ada"},
    {file = "crc32c-2.7.1-cp38-cp38-macosx_10_9_x86_64.whl", hash = "sha256:8f25ca521ecf7cccfff0ecae4d0538b5c0c7235d27bf098241f3e2bf86aed713"},
    {file = "crc32c-2.7.1-cp38-cp38-macosx_11_0_arm64.whl", hash = "sha256:1410bcd909be36ccbf8a52c45e4bddca77adfd4e80789ac3cd575c024086516d"},
    {file = "crc32c-2.7.1-cp38-cp38-manylinux_2_17_aarch64.manylinux2014_aarch64.whl", hash = "sha256:33fc8cb32f82685ebefd078e740925ea9da37a008ed5f43b68fc8324f8ca4a37"},
    {file = "crc32c-2.7.1-cp38-cp38-manylinux_2_5_i686.manylinux1_i686.manylinux_2_17_i686.manylinux2014_i686.whl", hash = "sha256:ad3dc6283ce53ad7d1dc5775003460110ab7eebf348efebe0486a531b28f8184"},
    {file = "crc32c-2.7.1-cp38-cp38-manylinux_2_5_x86_64.manylinux1_x86_64.manylinux_2_17_x86_64.manylinux2014_x86_64.whl", hash = "sha256:758ead20e122496764ae50db26bb90fb47fc4b6d242c8e99e87c3f1dae1f1dce"},
    {file = "crc32c-2.7.1-cp38-cp38-musllinux_1_2_aarch64.whl", hash = "sha256:e436d9044bbd51936f7aeb8b322543c516bf22371a17970a370a10af1661fa54"},
    {file = "crc32c-2.7.1-cp38-cp38-musllinux_1_2_i686.whl", hash = "sha256:47e5be99057264b603e3cd88cf091985f33c16d3c8609f1c83ed6e72ec4179b4"},
    {file = "crc32c-2.7.1-cp38-cp38-musllinux_1_2_x86_64.whl", hash = "sha256:280509210e622a236f16f031856847fd0d6704df662d7209da819ccfb40c6167"},
    {file = "crc32c-2.7.1-cp38-cp38-win32.whl", hash = "sha256:4ab48e048cfa123a9f9bdc5d4d687a3461723132c749c721a6d358605e6d470d"},
    {file = "crc32c-2.7.1-cp38-cp38-win_amd64.whl", hash = "sha256:65471d1b1b6e10a404ca8200a4271d5bc0a552c3f5dcd943c1c7835f766ea02d"},
    {file = "crc32c-2.7.1-cp39-cp39-macosx_10_9_universal2.whl", hash = "sha256:39ca842586084bca24f9c4ab43e2d99191b1186b2f89b2122b470d0730254d1b"},
    {file = "crc32c-2.7.1-cp39-cp39-macosx_10_9_x86_64.whl", hash = "sha256:a911abc33d453b3f171a3200b1e18b3fc39c204670b5b0a353cca99e4c664332"},
    {file = "crc32c-2.7.1-cp39-cp39-macosx_11_0_arm64.whl", hash = "sha256:22a72e81ec08a7ece6a35ac68d1ed32dd4a8be7949b164db88d4b4a4bade5c5a"},
    {file = "crc32c-2.7.1-cp39-cp39-manylinux_2_17_aarch64.manylinux2014_aarch64.whl", hash = "sha256:54d6f8c5be6815eabd6e3e90fa0bc13045183a6aa33a30dd684eb0f062b92213"},
    {file = "crc32c-2.7.1-cp39-cp39-manylinux_2_5_i686.manylinux1_i686.manylinux_2_17_i686.manylinux2014_i686.whl", hash = "sha256:9c855726d71dee7ae25f81c6b54293455fc66802f34d334d22bea1f6ce8bc21c"},
    {file = "crc32c-2.7.1-cp39-cp39-manylinux_2_5_x86_64.manylinux1_x86_64.manylinux_2_17_x86_64.manylinux2014_x86_64.whl", hash = "sha256:98d5f7fc364bb9c4c4123d149406fbee063f2e8c2cff19a12f13e50faa146237"},
    {file = "crc32c-2.7.1-cp39-cp39-musllinux_1_2_aarch64.whl", hash = "sha256:51ffba582c95a281e5a3f71eacdafc96b9a1835ddae245385639458fff197034"},
    {file = "crc32c-2.7.1-cp39-cp39-musllinux_1_2_i686.whl", hash = "sha256:3950d3c340c9d70889630ef81fba8666abfd0cf0aa19fd9c3a55634e0b383b0f"},
    {file = "crc32c-2.7.1-cp39-cp39-musllinux_1_2_x86_64.whl", hash = "sha256:522fba1770aad8f7eb189f21fca591a51d96dcc749859088f462281324aec30b"},
    {file = "crc32c-2.7.1-cp39-cp39-win32.whl", hash = "sha256:812723e222b6a9fe0562554d72f4f072c3a95720c60ee500984e7d0e568caac3"},
    {file = "crc32c-2.7.1-cp39-cp39-win_amd64.whl", hash = "sha256:6793fcfe9d4130230d196abbe4021c01ffe8e85c92633bf3c8559f9836c227f5"},
    {file = "crc32c-2.7.1-pp310-pypy310_pp73-macosx_10_15_x86_64.whl", hash = "sha256:2e83fedebcdeb80c19e76b7a0e5103528bb062521c40702bf34516a429e81df3"},
    {file = "crc32c-2.7.1-pp310-pypy310_pp73-manylinux_2_17_aarch64.manylinux2014_aarch64.whl", hash = "sha256:30004a7383538ef93bda9b22f7b3805bc0aa5625ab2675690e1b676b19417d4b"},
    {file = "crc32c-2.7.1-pp310-pypy310_pp73-manylinux_2_5_i686.manylinux1_i686.manylinux_2_17_i686.manylinux2014_i686.whl", hash = "sha256:a01b0983aa87f517c12418f9898ecf2083bf86f4ea04122e053357c3edb0d73f"},
    {file = "crc32c-2.7.1-pp310-pypy310_pp73-manylinux_2_5_x86_64.manylinux1_x86_64.manylinux_2_17_x86_64.manylinux2014_x86_64.whl", hash = "sha256:cb2b963c42128b38872e9ed63f04a73ce1ff89a1dfad7ea38add6fe6296497b8"},
    {file = "crc32c-2.7.1-pp310-pypy310_pp73-win_amd64.whl", hash = "sha256:cdd5e576fee5d255c1e68a4dae4420f21e57e6f05900b38d5ae47c713fc3330d"},
    {file = "crc32c-2.7.1-pp37-pypy37_pp73-macosx_10_9_x86_64.whl", hash = "sha256:79f0ff50863aeb441fbfa87e9db6542ddfe3e941189dece832b0af2e454dbab0"},
    {file = "crc32c-2.7.1-pp37-pypy37_pp73-manylinux_2_17_aarch64.manylinux2014_aarch64.whl", hash = "sha256:0cd27a1e400d77e9872fa1303e8f9d30bd050df35ee4858354ce0b59f8227d32"},
    {file = "crc32c-2.7.1-pp37-pypy37_pp73-manylinux_2_5_i686.manylinux1_i686.manylinux_2_17_i686.manylinux2014_i686.whl", hash = "sha256:274739b3e1591bd4b7ec98764f2f79c6fbcc0f7d7676d5f17369832fe14ee4f0"},
    {file = "crc32c-2.7.1-pp37-pypy37_pp73-manylinux_2_5_x86_64.manylinux1_x86_64.manylinux_2_17_x86_64.manylinux2014_x86_64.whl", hash = "sha256:050f52045b4a033a245e0ee4357e1a793de5af6496c82250ef13d8cb90a21e20"},
    {file = "crc32c-2.7.1-pp37-pypy37_pp73-win_amd64.whl", hash = "sha256:ceb4ca126f75694bda020a307221563d3c522719c0acedcc81ffb985b4867c94"},
    {file = "crc32c-2.7.1-pp38-pypy38_pp73-macosx_10_9_x86_64.whl", hash = "sha256:eabefe7a6fb5dfc6318fb35f4d98893baef17ebda9b311498e870526d32168e7"},
    {file = "crc32c-2.7.1-pp38-pypy38_pp73-manylinux_2_17_aarch64.manylinux2014_aarch64.whl", hash = "sha256:217edd9ba8c5f0c3ad60c82a11fa78f01162fa106fd7f5d17175dac6bf1eedf9"},
    {file = "crc32c-2.7.1-pp38-pypy38_pp73-manylinux_2_5_i686.manylinux1_i686.manylinux_2_17_i686.manylinux2014_i686.whl", hash = "sha256:15d640d9d4aa213aec6c837f602081a17d1522f8cd78b52334b62ee27b083410"},
    {file = "crc32c-2.7.1-pp38-pypy38_pp73-manylinux_2_5_x86_64.manylinux1_x86_64.manylinux_2_17_x86_64.manylinux2014_x86_64.whl", hash = "sha256:519878822bf9bdead63c25a5e4bdc26d2eae9da6056f92b9b5f3023c08f1d016"},
    {file = "crc32c-2.7.1-pp38-pypy38_pp73-win_amd64.whl", hash = "sha256:2bf69cfa4c3ea9f060fe06db00b7e34f771c83f73dd2c3568c2c9019479e34c2"},
    {file = "crc32c-2.7.1-pp39-pypy39_pp73-macosx_10_15_x86_64.whl", hash = "sha256:e89d51c90f6730b67b12c97d49099ba18d0fdce18541fab94d2be95d1c939adb"},
    {file = "crc32c-2.7.1-pp39-pypy39_pp73-manylinux_2_17_aarch64.manylinux2014_aarch64.whl", hash = "sha256:488a0feba1bb005d0dd2f702c1da4849d083e88d82cd27b83ac2d2d93af80755"},
    {file = "crc32c-2.7.1-pp39-pypy39_pp73-manylinux_2_5_i686.manylinux1_i686.manylinux_2_17_i686.manylinux2014_i686.whl", hash = "sha256:919262b7a12ef63f222ec19c0e092f39268802652e11669315257ae6249ec79f"},
    {file = "crc32c-2.7.1-pp39-pypy39_pp73-manylinux_2_5_x86_64.manylinux1_x86_64.manylinux_2_17_x86_64.manylinux2014_x86_64.whl", hash = "sha256:4181240f6080c38eec9dd1539cd23a304a12100d3f4ffe43234f32064fae5ef0"},
    {file = "crc32c-2.7.1-pp39-pypy39_pp73-win_amd64.whl", hash = "sha256:fedde1e53507d0ede1980e8109442edd108c04ab100abcd5145c274820dacd4f"},
    {file = "crc32c-2.7.1.tar.gz", hash = "sha256:f91b144a21eef834d64178e01982bb9179c354b3e9e5f4c803b0e5096384968c"},
]

[[package]]
name = "crcmod"
version = "1.7"
description = "CRC Generator"
optional = false
python-versions = "*"
groups = ["main"]
files = [
    {file = "crcmod-1.7.tar.gz", hash = "sha256:dc7051a0db5f2bd48665a990d3ec1cc305a466a77358ca4492826f41f283601e"},
]

[[package]]
name = "pyserial"
version = "3.5"
description = "Python Serial Port Extension"
optional = false
python-versions = "*"
groups = ["main"]
files = [
    {file = "pyserial-3.5-py2.py3-none-any.whl", hash = "sha256:c4451db6ba391ca6ca299fb3ec7bae67a5c55dde170964c7a14ceefec02f2cf0"},
    {file = "pyserial-3.5.tar.gz", hash = "sha256:3c77e014170dfffbd816e6ffc205e9842efb10be9f58ec16d3e8675b4925cddb"},
]

[package.extras]
cp2110 = ["hidapi"]

[[package]]
name = "xxhash"
version = "3.5.0"
description = "Python binding for xxHash"
optional = false
python-versions = ">=3.7"
groups = ["main"]
files = [
    {file = "xxhash-3.5.0-cp310-cp310-macosx_10_9_x86_64.whl", hash = "sha256:ece616532c499ee9afbb83078b1b952beffef121d989841f7f4b3dc5ac0fd212"},
    {file = "xxhash-3.5.0-cp310-cp310-macosx_11_0_arm64.whl", hash = "sha256:3171f693dbc2cef6477054a665dc255d996646b4023fe56cb4db80e26f4cc520"},
    {file = "xxhash-3.5.0-cp310-cp310-manylinux_2_17_aarch64.manylinux2014_aarch64.whl", hash = "sha256:7c5d3e570ef46adaf93fc81b44aca6002b5a4d8ca11bd0580c07eac537f36680"},
    {file = "xxhash-3.5.0-cp310-cp310-manylinux_2_17_ppc64le.manylinux2014_ppc64le.whl", hash = "sha256:7cb29a034301e2982df8b1fe6328a84f4b676106a13e9135a0d7e0c3e9f806da"},
    {file = "xxhash-3.5.0-cp310-cp310-manylinux_2_17_s390x.manylinux2014_s390x.whl", hash = "sha256:5d0d307d27099bb0cbeea7260eb39ed4fdb99c5542e21e94bb6fd29e49c57a23"},
    {file = "xxhash-3.5.0-cp310-cp310-manylinux_2_17_x86_64.manylinux2014_x86_64.whl", hash = "sha256:c0342aafd421795d740e514bc9858ebddfc705a75a8c5046ac56d85fe97bf196"},
    {file = "xxhash-3.5.0-cp310-cp310-manylinux_2_5_i686.manylinux1_i686.manylinux_2_17_i686.manylinux2014_i686.whl", hash = "sha256:3dbbd9892c5ebffeca1ed620cf0ade13eb55a0d8c84e0751a6653adc6ac40d0c"},
    {file = "xxhash-3.5.0-cp310-cp310-musllinux_1_2_aarch64.whl", hash = "sha256:4cc2d67fdb4d057730c75a64c5923abfa17775ae234a71b0200346bfb0a7f482"},
    {file = "xxhash-3.5.0-cp310-cp310-musllinux_1_2_i686.whl", hash = "sha256:ec28adb204b759306a3d64358a5e5c07d7b1dd0ccbce04aa76cb9377b7b70296"},
    {file = "xxhash-3.5.0-cp310-cp310-musllinux_1_2_ppc64le.whl", hash = "sha256:1328f6d8cca2b86acb14104e381225a3d7b42c92c4b86ceae814e5c400dbb415"},
    {file = "xxhash-3.5.0-cp310-cp310-musllinux_1_2_s390x.whl", hash = "sha256:8d47ebd9f5d9607fd039c1fbf4994e3b071ea23eff42f4ecef246ab2b7334198"},
    {file = "xxhash-3.5.0-cp310-cp310-musllinux_1_2_x86_64.whl", hash = "sha256:b96d559e0fcddd3343c510a0fe2b127fbff16bf346dd76280b82292567523442"},
    {file = "xxhash-3.5.0-cp310-cp310-win32.whl", hash = "sha256:61c722ed8d49ac9bc26c7071eeaa1f6ff24053d553146d5df031802deffd03da"},
    {file = "xxhash-3.5.0-cp310-cp310-win_amd64.whl", hash = "sha256:9bed5144c6923cc902cd14bb8963f2d5e034def4486ab0bbe1f58f03f042f9a9"},
    {file = "xxhash-3.5.0-cp310-cp310-win_arm64.whl", hash = "sha256:893074d651cf25c1cc14e3bea4fceefd67f2921b1bb8e40fcfeba56820de80c6"},
    {file = "xxhash-3.5.0-cp311-cp311-macosx_10_9_x86_64.whl", hash = "sha256:02c2e816896dc6f85922ced60097bcf6f008dedfc5073dcba32f9c8dd786f3c1"},
    {file = "xxhash-3.5.0-cp311-cp311-macosx_11_0_arm64.whl", hash = "sha256:6027dcd885e21581e46d3c7f682cfb2b870942feeed58a21c29583512c3f09f8"},
    {file = "xxhash-3.5.0-cp311-cp311-manylinux_2_17_aarch64.manylinux2014_aarch64.whl", hash = "sha256:1308fa542bbdbf2fa85e9e66b1077eea3a88bef38ee8a06270b4298a7a62a166"},
    {file = "xxhash-3.5.0-cp311-cp311-manylinux_2_17_ppc64le.manylinux2014_ppc64le.whl", hash = "sha256:c28b2fdcee797e1c1961cd3bcd3d545cab22ad202c846235197935e1df2f8ef7"},
    {file = "xxhash-3.5.0-cp311-cp311-manylinux_2_17_s390x.manylinux2014_s390x.whl", hash = "sha256:924361811732ddad75ff23e90efd9ccfda4f664132feecb90895bade6a1b4623"},
    {file = "xxhash-3.5.0-cp311-cp311-manylinux_2_17_x86_64.manylinux2014_x86_64.whl", hash = "sha256:89997aa1c4b6a5b1e5b588979d1da048a3c6f15e55c11d117a56b75c84531f5a"},
    {file = "xxhash-3.5.0-cp311-cp311-manylinux_2_5_i686.manylinux1_i686.manylinux_2_17_i686.manylinux2014_i686.whl", hash = "sha256:685c4f4e8c59837de103344eb1c8a3851f670309eb5c361f746805c5471b8c88"},
    {file = "xxhash-3.5.0-cp311-cp311-musllinux_1_2_aarch64.whl", hash = "sha256:dbd2ecfbfee70bc1a4acb7461fa6af7748ec2ab08ac0fa298f281c51518f982c"},
    {file = "xxhash-3.5.0-cp311-cp311-musllinux_1_2_i686.whl", hash = "sha256:25b5a51dc3dfb20a10833c8eee25903fd2e14059e9afcd329c9da20609a307b2"},
    {file = "xxhash-3.5.0-cp311-cp311-musllinux_1_2_ppc64le.whl", hash = "sha256:a8fb786fb754ef6ff8c120cb96629fb518f8eb5a61a16aac3a979a9dbd40a084"},
    {file = "xxhash-3.5.0-cp311-cp311-musllinux_1_2_s390x.whl", hash = "sha256:a905ad00ad1e1c34fe4e9d7c1d949ab09c6fa90c919860c1534ff479f40fd12d"},
    {file = "xxhash-3.5.0-cp311-cp311-musllinux_1_2_x86_64.whl", hash = "sha256:963be41bcd49f53af6d795f65c0da9b4cc518c0dd9c47145c98f61cb464f4839"},
    {file = "xxhash-3.5.0-cp311-cp311-win32.whl", hash = "sha256:109b436096d0a2dd039c355fa3414160ec4d843dfecc64a14077332a00aeb7da"},
    {file = "xxhash-3.5.0-cp311-cp311-win_amd64.whl", hash = "sha256:b702f806693201ad6c0a05ddbbe4c8f359626d0b3305f766077d51388a6bac58"},
    {file = "xxhash-3.5.0-cp311-cp311-win_arm64.whl", hash = "sha256:c4dcb4120d0cc3cc448624147dba64e9021b278c63e34a38789b688fd0da9bf3"},
    {file = "xxhash-3.5.0-cp312-cp312-macosx_10_9_x86_64.whl", hash = "sha256:14470ace8bd3b5d51318782cd94e6f94431974f16cb3b8dc15d52f3b69df8e00"},
    {file = "xxhash-3.5.0-cp312-cp312-macosx_11_0_arm64.whl", hash = "sha256:59aa1203de1cb96dbeab595ded0ad0c0056bb2245ae11fac11c0ceea861382b9"},
    {file = "xxhash-3.5.0-cp312-cp312-manylinux_2_17_aarch64.manylinux2014_aarch64.whl", hash = "sha256:08424f6648526076e28fae6ea2806c0a7d504b9ef05ae61d196d571e5c879c84"},
    {file = "xxhash-3.5.0-cp312-cp312-manylinux_2_17_ppc64le.manylinux2014_ppc64le.whl", hash = "sha256:61a1ff00674879725b194695e17f23d3248998b843eb5e933007ca743310f793"},
    {file = "xxhash-3.5.0-cp312-cp312-manylinux_2_17_s390x.manylinux2014_s390x.whl", hash = "sha256:f2f2c61bee5844d41c3eb015ac652a0229e901074951ae48581d58bfb2ba01be"},
    {file = "xxhash-3.5.0-cp312-cp312-manylinux_2_17_x86_64.manylinux2014_x86_64.whl", hash = "sha256:9d32a592cac88d18cc09a89172e1c32d7f2a6e516c3dfde1b9adb90ab5df54a6"},
    {file = "xxhash-3.5.0-cp312-cp312-manylinux_2_5_i686.manylinux1_i686.manylinux_2_17_i686.manylinux2014_i686.whl", hash = "sha256:70dabf941dede727cca579e8c205e61121afc9b28516752fd65724be1355cc90"},
    {file = "xxhash-3.5.0-cp312-cp312-musllinux_1_2_aarch64.whl", hash = "sha256:e5d0ddaca65ecca9c10dcf01730165fd858533d0be84c75c327487c37a906a27"},
    {file = "xxhash-3.5.0-cp312-cp312-musllinux_1_2_i686.whl", hash = "sha256:3e5b5e16c5a480fe5f59f56c30abdeba09ffd75da8d13f6b9b6fd224d0b4d0a2"},
    {file = "xxhash-3.5.0-cp312-cp312-musllinux_1_2_ppc64le.whl", hash = "sha256:149b7914451eb154b3dfaa721315117ea1dac2cc55a01bfbd4df7c68c5dd683d"},
    {file = "xxhash-3.5.0-cp312-cp312-musllinux_1_2_s390x.whl", hash = "sha256:eade977f5c96c677035ff39c56ac74d851b1cca7d607ab3d8f23c6b859379cab"},
    {file = "xxhash-3.5.0-cp312-cp312-musllinux_1_2_x86_64.whl", hash = "sha256:fa9f547bd98f5553d03160967866a71056a60960be00356a15ecc44efb40ba8e"},
    {file = "xxhash-3.5.0-cp312-cp312-win32.whl", hash = "sha256:f7b58d1fd3551b8c80a971199543379be1cee3d0d409e1f6d8b01c1a2eebf1f8"},
    {file = "xxhash-3.5.0-cp312-cp312-win_amd64.whl", hash = "sha256:fa0cafd3a2af231b4e113fba24a65d7922af91aeb23774a8b78228e6cd785e3e"},
    {file = "xxhash-3.5.0-cp312-cp312-win_arm64.whl", hash = "sha256:586886c7e89cb9828bcd8a5686b12e161368e0064d040e225e72607b43858ba2"},
    {file = "xxhash-3.5.0-cp313-cp313-macosx_10_13_x86_64.whl", hash = "sha256:37889a0d13b0b7d739cfc128b1c902f04e32de17b33d74b637ad42f1c55101f6"},
    {file = "xxhash-3.5.0-cp313-cp313-macosx_11_0_arm64.whl", hash = "sha256:97a662338797c660178e682f3bc180277b9569a59abfb5925e8620fba00b9fc5"},
    {file = "xxhash-3.5.0-cp313-cp313-manylinux_2_17_aarch64.manylinux2014_aarch64.whl", hash = "sha256:7f85e0108d51092bdda90672476c7d909c04ada6923c14ff9d913c4f7dc8a3bc"},
    {file = "xxhash-3.5.0-cp313-cp313-manylinux_2_17_ppc64le.manylinux2014_ppc64le.whl", hash = "sha256:cd2fd827b0ba763ac919440042302315c564fdb797294d86e8cdd4578e3bc7f3"},
    {file = "xxhash-3.5.0-cp313-cp313-manylinux_2_17_s390x.manylinux2014_s390x.whl", hash = "sha256:82085c2abec437abebf457c1d12fccb30cc8b3774a0814872511f0f0562c768c"},
    {file = "xxhash-3.5.0-cp313-cp313-manylinux_2_17_x86_64.manylinux2014_x86_64.whl", hash = "sha256:07fda5de378626e502b42b311b049848c2ef38784d0d67b6f30bb5008642f8eb"},
    {file = "xxhash-3.5.0-cp313-cp313-manylinux_2_5_i686.manylinux1_i686.manylinux_2_17_i686.manylinux2014_i686.whl", hash = "sha256:c279f0d2b34ef15f922b77966640ade58b4ccdfef1c4d94b20f2a364617a493f"},
    {file = "xxhash-3.5.0-cp313-cp313-musllinux_1_2_aarch64.whl", hash = "sha256:89e66ceed67b213dec5a773e2f7a9e8c58f64daeb38c7859d8815d2c89f39ad7"},
    {file = "xxhash-3.5.0-cp313-cp313-musllinux_1_2_i686.whl", hash = "sha256:bcd51708a633410737111e998ceb3b45d3dbc98c0931f743d9bb0a209033a326"},
    {file = "xxhash-3.5.0-cp313-cp313-musllinux_1_2_ppc64le.whl", hash = "sha256:3ff2c0a34eae7df88c868be53a8dd56fbdf592109e21d4bfa092a27b0bf4a7bf"},
    {file = "xxhash-3.5.0-cp313-cp313-musllinux_1_2_s390x.whl", hash = "sha256:4e28503dccc7d32e0b9817aa0cbfc1f45f563b2c995b7a66c4c8a0d232e840c7"},
    {file = "xxhash-3.5.0-cp313-cp313-musllinux_1_2_x86_64.whl", hash = "sha256:a6c50017518329ed65a9e4829154626f008916d36295b6a3ba336e2458824c8c"},
    {file = "xxhash-3.5.0-cp313-cp313-win32.whl", hash = "sha256:53a068fe70301ec30d868ece566ac90d873e3bb059cf83c32e76012c889b8637"},
    {file = "xxhash-3.5.0-cp313-cp313-win_amd64.whl", hash = "sha256:80babcc30e7a1a484eab952d76a4f4673ff601f54d5142c26826502740e70b43"},
    {file = "xxhash-3.5.0-cp313-cp313-win_arm64.whl", hash = "sha256:4811336f1ce11cac89dcbd18f3a25c527c16311709a89313c3acaf771def2d4b"},
    {file = "xxhash-3.5.0-cp37-cp37m-macosx_10_9_x86_64.whl", hash = "sha256:6e5f70f6dca1d3b09bccb7daf4e087075ff776e3da9ac870f86ca316736bb4aa"},
    {file = "xxhash-3.5.0-cp37-cp37m-manylinux_2_17_aarch64.manylinux2014_aarch64.whl", hash = "sha256:2e76e83efc7b443052dd1e585a76201e40b3411fe3da7af4fe434ec51b2f163b"},
    {file = "xxhash-3.5.0-cp37-cp37m-manylinux_2_17_ppc64le.manylinux2014_ppc64le.whl", hash = "sha256:33eac61d0796ca0591f94548dcfe37bb193671e0c9bcf065789b5792f2eda644"},
    {file = "xxhash-3.5.0-cp37-cp37m-manylinux_2_17_s390x.manylinux2014_s390x.whl", hash = "sha256:0ec70a89be933ea49222fafc3999987d7899fc676f688dd12252509434636622"},
    {file = "xxhash-3.5.0-cp37-cp37m-manylinux_2_17_x86_64.manylinux2014_x86_64.whl", hash = "sha256:dd86b8e7f703ec6ff4f351cfdb9f428955859537125904aa8c963604f2e9d3e7"},
    {file = "xxhash-3.5.0-cp37-cp37m-manylinux_2_5_i686.manylinux1_i686.manylinux_2_17_i686.manylinux2014_i686.whl", hash = "sha256:0adfbd36003d9f86c8c97110039f7539b379f28656a04097e7434d3eaf9aa131"},
    {file = "xxhash-3.5.0-cp37-cp37m-musllinux_1_2_aarch64.whl", hash = "sha256:63107013578c8a730419adc05608756c3fa640bdc6abe806c3123a49fb829f43"},
    {file = "xxhash-3.5.0-cp37-cp37m-musllinux_1_2_i686.whl", hash = "sha256:683b94dbd1ca67557850b86423318a2e323511648f9f3f7b1840408a02b9a48c"},
    {file = "xxhash-3.5.0-cp37-cp37m-musllinux_1_2_ppc64le.whl", hash = "sha256:5d2a01dcce81789cf4b12d478b5464632204f4c834dc2d064902ee27d2d1f0ee"},
    {file = "xxhash-3.5.0-cp37-cp37m-musllinux_1_2_s390x.whl", hash = "sha256:a9d360a792cbcce2fe7b66b8d51274ec297c53cbc423401480e53b26161a290d"},
    {file = "xxhash-3.5.0-cp37-cp37m-musllinux_1_2_x86_64.whl", hash = "sha256:f0b48edbebea1b7421a9c687c304f7b44d0677c46498a046079d445454504737"},
    {file = "xxhash-3.5.0-cp37-cp37m-win32.whl", hash = "sha256:7ccb800c9418e438b44b060a32adeb8393764da7441eb52aa2aa195448935306"},
    {file = "xxhash-3.5.0-cp37-cp37m-win_amd64.whl", hash = "sha256:c3bc7bf8cb8806f8d1c9bf149c18708cb1c406520097d6b0a73977460ea03602"},
    {file = "xxhash-3.5.0-cp38-cp38-macosx_10_9_x86_64.whl", hash = "sha256:74752ecaa544657d88b1d1c94ae68031e364a4d47005a90288f3bab3da3c970f"},
    {file = "xxhash-3.5.0-cp38-cp38-macosx_11_0_arm64.whl", hash = "sha256:dee1316133c9b463aa81aca676bc506d3f80d8f65aeb0bba2b78d0b30c51d7bd"},
    {file = "xxhash-3.5.0-cp38-cp38-manylinux_2_17_aarch64.manylinux2014_aarch64.whl", hash = "sha256:602d339548d35a8579c6b013339fb34aee2df9b4e105f985443d2860e4d7ffaa"},
    {file = "xxhash-3.5.0-cp38-cp38-manylinux_2_17_ppc64le.manylinux2014_ppc64le.whl", hash = "sha256:695735deeddfb35da1677dbc16a083445360e37ff46d8ac5c6fcd64917ff9ade"},
    {file = "xxhash-3.5.0-cp38-cp38-manylinux_2_17_s390x.manylinux2014_s390x.whl", hash = "sha256:1030a39ba01b0c519b1a82f80e8802630d16ab95dc3f2b2386a0b5c8ed5cbb10"},
    {file = "xxhash-3.5.0-cp38-cp38-manylinux_2_17_x86_64.manylinux2014_x86_64.whl", hash = "sha256:a5bc08f33c4966f4eb6590d6ff3ceae76151ad744576b5fc6c4ba8edd459fdec"},
    {file = "xxhash-3.5.0-cp38-cp38-manylinux_2_5_i686.manylinux1_i686.manylinux_2_17_i686.manylinux2014_i686.whl", hash = "sha256:160e0c19ee500482ddfb5d5570a0415f565d8ae2b3fd69c5dcfce8a58107b1c3"},
    {file = "xxhash-3.5.0-cp38-cp38-musllinux_1_2_aarch64.whl", hash = "sha256:f1abffa122452481a61c3551ab3c89d72238e279e517705b8b03847b1d93d738"},
    {file = "xxhash-3.5.0-cp38-cp38-musllinux_1_2_i686.whl", hash = "sha256:d5e9db7ef3ecbfc0b4733579cea45713a76852b002cf605420b12ef3ef1ec148"},
    {file = "xxhash-3.5.0-cp38-cp38-musllinux_1_2_ppc64le.whl", hash = "sha256:23241ff6423378a731d84864bf923a41649dc67b144debd1077f02e6249a0d54"},
    {file = "xxhash-3.5.0-cp38-cp38-musllinux_1_2_s390x.whl", hash = "sha256:82b833d5563fefd6fceafb1aed2f3f3ebe19f84760fdd289f8b926731c2e6e91"},
    {file = "xxhash-3.5.0-cp38-cp38-musllinux_1_2_x86_64.whl", hash = "sha256:0a80ad0ffd78bef9509eee27b4a29e56f5414b87fb01a888353e3d5bda7038bd"},
    {file = "xxhash-3.5.0-cp38-cp38-win32.whl", hash = "sha256:50ac2184ffb1b999e11e27c7e3e70cc1139047e7ebc1aa95ed12f4269abe98d4"},
    {file = "xxhash-3.5.0-cp38-cp38-win_amd64.whl", hash = "sha256:392f52ebbb932db566973693de48f15ce787cabd15cf6334e855ed22ea0be5b3"},
    {file = "xxhash-3.5.0-cp39-cp39-macosx_10_9_x86_64.whl", hash = "sha256:bfc8cdd7f33d57f0468b0614ae634cc38ab9202c6957a60e31d285a71ebe0301"},
    {file = "xxhash-3.5.0-cp39-cp39-macosx_11_0_arm64.whl", hash = "sha256:e0c48b6300cd0b0106bf49169c3e0536408dfbeb1ccb53180068a18b03c662ab"},
    {file = "xxhash-3.5.0-cp39-cp39-manylinux_2_17_aarch64.manylinux2014_aarch64.whl", hash = "sha256:fe1a92cfbaa0a1253e339ccec42dbe6db262615e52df591b68726ab10338003f"},
    {file = "xxhash-3.5.0-cp39-cp39-manylinux_2_17_ppc64le.manylinux2014_ppc64le.whl", hash = "sha256:33513d6cc3ed3b559134fb307aae9bdd94d7e7c02907b37896a6c45ff9ce51bd"},
    {file = "xxhash-3.5.0-cp39-cp39-manylinux_2_17_s390x.manylinux2014_s390x.whl", hash = "sha256:eefc37f6138f522e771ac6db71a6d4838ec7933939676f3753eafd7d3f4c40bc"},
    {file = "xxhash-3.5.0-cp39-cp39-manylinux_2_17_x86_64.manylinux2014_x86_64.whl", hash = "sha256:a606c8070ada8aa2a88e181773fa1ef17ba65ce5dd168b9d08038e2a61b33754"},
    {file = "xxhash-3.5.0-cp39-cp39-manylinux_2_5_i686.manylinux1_i686.manylinux_2_17_i686.manylinux2014_i686.whl", hash = "sha256:42eca420c8fa072cc1dd62597635d140e78e384a79bb4944f825fbef8bfeeef6"},
    {file = "xxhash-3.5.0-cp39-cp39-musllinux_1_2_aarch64.whl", hash = "sha256:604253b2143e13218ff1ef0b59ce67f18b8bd1c4205d2ffda22b09b426386898"},
    {file = "xxhash-3.5.0-cp39-cp39-musllinux_1_2_i686.whl", hash = "sha256:6e93a5ad22f434d7876665444a97e713a8f60b5b1a3521e8df11b98309bff833"},
    {file = "xxhash-3.5.0-cp39-cp39-musllinux_1_2_ppc64le.whl", hash = "sha256:7a46e1d6d2817ba8024de44c4fd79913a90e5f7265434cef97026215b7d30df6"},
    {file = "xxhash-3.5.0-cp39-cp39-musllinux_1_2_s390x.whl", hash = "sha256:30eb2efe6503c379b7ab99c81ba4a779748e3830241f032ab46bd182bf5873af"},
    {file = "xxhash-3.5.0-cp39-cp39-musllinux_1_2_x86_64.whl", hash = "sha256:c8aa771ff2c13dd9cda8166d685d7333d389fae30a4d2bb39d63ab5775de8606"},
    {file = "xxhash-3.5.0-cp39-cp39-win32.whl", hash = "sha256:5ed9ebc46f24cf91034544b26b131241b699edbfc99ec5e7f8f3d02d6eb7fba4"},
    {file = "xxhash-3.5.0-cp39-cp39-win_amd64.whl", hash = "sha256:220f3f896c6b8d0316f63f16c077d52c412619e475f9372333474ee15133a558"},
    {file = "xxhash-3.5.0-cp39-cp39-win_arm64.whl", hash = "sha256:a7b1d8315d9b5e9f89eb2933b73afae6ec9597a258d52190944437158b49d38e"},
    {file = "xxhash-3.5.0-pp310-pypy310_pp73-macosx_10_15_x86_64.whl", hash = "sha256:2014c5b3ff15e64feecb6b713af12093f75b7926049e26a580e94dcad3c73d8c"},
    {file = "xxhash-3.5.0-pp310-pypy310_pp73-manylinux_2_17_aarch64.manylinux2014_aarch64.whl", hash = "sha256:fab81ef75003eda96239a23eda4e4543cedc22e34c373edcaf744e721a163986"},
    {file = "xxhash-3.5.0-pp310-pypy310_pp73-manylinux_2_17_x86_64.manylinux2014_x86_64.whl", hash = "sha256:4e2febf914ace002132aa09169cc572e0d8959d0f305f93d5828c4836f9bc5a6"},
    {file = "xxhash-3.5.0-pp310-pypy310_pp73-manylinux_2_5_i686.manylinux1_i686.manylinux_2_17_i686.manylinux2014_i686.whl", hash = "sha256:5d3a10609c51da2a1c0ea0293fc3968ca0a18bd73838455b5bca3069d7f8e32b"},
    {file = "xxhash-3.5.0-pp310-pypy310_pp73-win_amd64.whl", hash = "sha256:5a74f23335b9689b66eb6dbe2a931a88fcd7a4c2cc4b1cb0edba8ce381c7a1da"},
    {file = "xxhash-3.5.0-pp37-pypy37_pp73-macosx_10_9_x86_64.whl", hash = "sha256:2b4154c00eb22e4d543f472cfca430e7962a0f1d0f3778334f2e08a7ba59363c"},
    {file = "xxhash-3.5.0-pp37-pypy37_pp73-manylinux_2_17_aarch64.manylinux2014_aarch64.whl", hash = "sha256:d30bbc1644f726b825b3278764240f449d75f1a8bdda892e641d4a688b1494ae"},
    {file = "xxhash-3.5.0-pp37-pypy37_pp73-manylinux_2_17_x86_64.manylinux2014_x86_64.whl", hash = "sha256:6fa0b72f2423e2aa53077e54a61c28e181d23effeaafd73fcb9c494e60930c8e"},
    {file = "xxhash-3.5.0-pp37-pypy37_pp73-manylinux_2_5_i686.manylinux1_i686.manylinux_2_17_i686.manylinux2014_i686.whl", hash = "sha256:13de2b76c1835399b2e419a296d5b38dc4855385d9e96916299170085ef72f57"},
    {file = "xxhash-3.5.0-pp37-pypy37_pp73-win_amd64.whl", hash = "sha256:0691bfcc4f9c656bcb96cc5db94b4d75980b9d5589f2e59de790091028580837"},
    {file = "xxhash-3.5.0-pp38-pypy38_pp73-macosx_10_9_x86_64.whl", hash = "sha256:297595fe6138d4da2c8ce9e72a04d73e58725bb60f3a19048bc96ab2ff31c692"},
    {file = "xxhash-3.5.0-pp38-pypy38_pp73-manylinux_2_17_aarch64.manylinux2014_aarch64.whl", hash = "sha256:cc1276d369452040cbb943300dc8abeedab14245ea44056a2943183822513a18"},
    {file = "xxhash-3.5.0-pp38-pypy38_pp73-manylinux_2_17_x86_64.manylinux2014_x86_64.whl", hash = "sha256:2061188a1ba352fc699c82bff722f4baacb4b4b8b2f0c745d2001e56d0dfb514"},
    {file = "xxhash-3.5.0-pp38-pypy38_pp73-manylinux_2_5_i686.manylinux1_i686.manylinux_2_17_i686.manylinux2014_i686.whl", hash = "sha256:38c384c434021e4f62b8d9ba0bc9467e14d394893077e2c66d826243025e1f81"},
    {file = "xxhash-3.5.0-pp38-pypy38_pp73-win_amd64.whl", hash = "sha256:e6a4dd644d72ab316b580a1c120b375890e4c52ec392d4aef3c63361ec4d77d1"},
    {file = "xxhash-3.5.0-pp39-pypy39_pp73-macosx_10_15_x86_64.whl", hash = "sha256:531af8845aaadcadf951b7e0c1345c6b9c68a990eeb74ff9acd8501a0ad6a1c9"},
    {file = "xxhash-3.5.0-pp39-pypy39_pp73-manylinux_2_17_aarch64.manylinux2014_aarch64.whl", hash = "sha256:7ce379bcaa9fcc00f19affa7773084dd09f5b59947b3fb47a1ceb0179f91aaa1"},
    {file = "xxhash-3.5.0-pp39-pypy39_pp73-manylinux_2_17_x86_64.manylinux2014_x86_64.whl", hash = "sha256:fd1b2281d01723f076df3c8188f43f2472248a6b63118b036e641243656b1b0f"},
    {file = "xxhash-3.5.0-pp39-pypy39_pp73-manylinux_2_5_i686.manylinux1_i686.manylinux_2_17_i686.manylinux2014_i686.whl", hash = "sha256:9c770750cc80e8694492244bca7251385188bc5597b6a39d98a9f30e8da984e0"},
    {file = "xxhash-3.5.0-pp39-pypy39_pp73-win_amd64.whl", hash = "sha256:b150b8467852e1bd844387459aa6fbe11d7f38b56e901f9f3b3e6aba0d660240"},
    {file = "xxhash-3.5.0.tar.gz", hash = "sha256:84f2caddf951c9cbf8dc2e22a89d4ccf5d86391ac6418fe81e3c67d0cf60b45f"},
]

[metadata]
lock-version = "2.1"
python-versions = ">=3.10,<4.0"
content-hash = "ca9e4fdd76da950ef1273cb6c881458df2c58d2bfd22887a37abec4b7097557b"
